
Microsoft Visual Studio Solution File, Format Version 12.00
Project("{FAE04EC0-301F-11D3-BF4B-00C04F79EFBC}") = "LoadAdditionalFiles", "Kehlet.Generators.LoadAdditionalFiles\LoadAdditionalFiles\LoadAdditionalFiles.csproj", "{A10A02E6-5266-4262-A035-5E374EE76CAE}"
EndProject
Project("{FAE04EC0-301F-11D3-BF4B-00C04F79EFBC}") = "LoadAdditionalFiles.Sample", "Kehlet.Generators.LoadAdditionalFiles\LoadAdditionalFiles.Sample\LoadAdditionalFiles.Sample.csproj", "{35CADCC7-272D-400B-8C44-9FEC65F466EB}"
EndProject
Project("{FAE04EC0-301F-11D3-BF4B-00C04F79EFBC}") = "LoadAdditionalFiles.StaticContent", "Kehlet.Generators.LoadAdditionalFiles\LoadAdditionalFiles.StaticContent\LoadAdditionalFiles.StaticContent.csproj", "{8DAF8ECF-09B3-4DA1-9A06-A7176ACA7538}"
EndProject
Project("{FAE04EC0-301F-11D3-BF4B-00C04F79EFBC}") = "LoadAdditionalFiles.Analyzer", "Kehlet.Generators.LoadAdditionalFiles\LoadAdditionalFiles.Analyzer\LoadAdditionalFiles.Analyzer\LoadAdditionalFiles.Analyzer.csproj", "{1FE6F626-3A71-4736-949E-065E883A7345}"
EndProject
Project("{FAE04EC0-301F-11D3-BF4B-00C04F79EFBC}") = "LoadAdditionalFiles.Analyzer.Tests", "Kehlet.Generators.LoadAdditionalFiles\LoadAdditionalFiles.Analyzer\LoadAdditionalFiles.Analyzer.Tests\LoadAdditionalFiles.Analyzer.Tests.csproj", "{BF3808BA-5042-4BF2-8B0E-69043467E035}"
EndProject
Project("{FAE04EC0-301F-11D3-BF4B-00C04F79EFBC}") = "LoadAdditionalFiles.CodeFixes", "Kehlet.Generators.LoadAdditionalFiles\LoadAdditionalFiles.CodeFixes\LoadAdditionalFiles.CodeFixes.csproj", "{9BF27409-3351-4684-B660-F30D1227ADD9}"
EndProject
Project("{FAE04EC0-301F-11D3-BF4B-00C04F79EFBC}") = "LoadAdditionalFiles.Common", "Kehlet.Generators.LoadAdditionalFiles\LoadAdditionalFiles.Common\LoadAdditionalFiles.Common.csproj", "{639165B2-577E-4CBB-9A38-5BB44946400F}"
EndProject
Project("{FAE04EC0-301F-11D3-BF4B-00C04F79EFBC}") = "LoadAdditionalFiles.Build", "Kehlet.Generators.LoadAdditionalFiles\LoadAdditionalFiles.Build\LoadAdditionalFiles.Build.csproj", "{AC76C97C-AFED-4FD0-8B84-565196C1A4DE}"
EndProject
Global
	GlobalSection(SolutionConfigurationPlatforms) = preSolution
		Debug|Any CPU = Debug|Any CPU
		Release|Any CPU = Release|Any CPU
	EndGlobalSection
	GlobalSection(ProjectConfigurationPlatforms) = postSolution
		{A10A02E6-5266-4262-A035-5E374EE76CAE}.Debug|Any CPU.ActiveCfg = Debug|Any CPU
		{A10A02E6-5266-4262-A035-5E374EE76CAE}.Debug|Any CPU.Build.0 = Debug|Any CPU
		{A10A02E6-5266-4262-A035-5E374EE76CAE}.Release|Any CPU.ActiveCfg = Release|Any CPU
		{A10A02E6-5266-4262-A035-5E374EE76CAE}.Release|Any CPU.Build.0 = Release|Any CPU
		{35CADCC7-272D-400B-8C44-9FEC65F466EB}.Debug|Any CPU.ActiveCfg = Debug|Any CPU
		{35CADCC7-272D-400B-8C44-9FEC65F466EB}.Debug|Any CPU.Build.0 = Debug|Any CPU
		{35CADCC7-272D-400B-8C44-9FEC65F466EB}.Release|Any CPU.ActiveCfg = Release|Any CPU
		{35CADCC7-272D-400B-8C44-9FEC65F466EB}.Release|Any CPU.Build.0 = Release|Any CPU
		{8DAF8ECF-09B3-4DA1-9A06-A7176ACA7538}.Release|Any CPU.ActiveCfg = Release|Any CPU
		{8DAF8ECF-09B3-4DA1-9A06-A7176ACA7538}.Debug|Any CPU.ActiveCfg = Debug|Any CPU
		{8DAF8ECF-09B3-4DA1-9A06-A7176ACA7538}.Debug|Any CPU.Build.0 = Debug|Any CPU
		{8DAF8ECF-09B3-4DA1-9A06-A7176ACA7538}.Release|Any CPU.Build.0 = Release|Any CPU
		{1FE6F626-3A71-4736-949E-065E883A7345}.Debug|Any CPU.ActiveCfg = Debug|Any CPU
		{1FE6F626-3A71-4736-949E-065E883A7345}.Debug|Any CPU.Build.0 = Debug|Any CPU
		{1FE6F626-3A71-4736-949E-065E883A7345}.Release|Any CPU.ActiveCfg = Release|Any CPU
		{1FE6F626-3A71-4736-949E-065E883A7345}.Release|Any CPU.Build.0 = Release|Any CPU
		{BF3808BA-5042-4BF2-8B0E-69043467E035}.Debug|Any CPU.ActiveCfg = Debug|Any CPU
		{BF3808BA-5042-4BF2-8B0E-69043467E035}.Debug|Any CPU.Build.0 = Debug|Any CPU
		{BF3808BA-5042-4BF2-8B0E-69043467E035}.Release|Any CPU.ActiveCfg = Release|Any CPU
		{BF3808BA-5042-4BF2-8B0E-69043467E035}.Release|Any CPU.Build.0 = Release|Any CPU
		{9BF27409-3351-4684-B660-F30D1227ADD9}.Debug|Any CPU.ActiveCfg = Debug|Any CPU
		{9BF27409-3351-4684-B660-F30D1227ADD9}.Debug|Any CPU.Build.0 = Debug|Any CPU
		{9BF27409-3351-4684-B660-F30D1227ADD9}.Release|Any CPU.ActiveCfg = Release|Any CPU
		{9BF27409-3351-4684-B660-F30D1227ADD9}.Release|Any CPU.Build.0 = Release|Any CPU
		{639165B2-577E-4CBB-9A38-5BB44946400F}.Debug|Any CPU.ActiveCfg = Debug|Any CPU
		{639165B2-577E-4CBB-9A38-5BB44946400F}.Debug|Any CPU.Build.0 = Debug|Any CPU
		{639165B2-577E-4CBB-9A38-5BB44946400F}.Release|Any CPU.ActiveCfg = Release|Any CPU
		{639165B2-577E-4CBB-9A38-5BB44946400F}.Release|Any CPU.Build.0 = Release|Any CPU
		{AC76C97C-AFED-4FD0-8B84-565196C1A4DE}.Debug|Any CPU.ActiveCfg = Debug|Any CPU
		{AC76C97C-AFED-4FD0-8B84-565196C1A4DE}.Debug|Any CPU.Build.0 = Debug|Any CPU
		{AC76C97C-AFED-4FD0-8B84-565196C1A4DE}.Release|Any CPU.ActiveCfg = Release|Any CPU
		{AC76C97C-AFED-4FD0-8B84-565196C1A4DE}.Release|Any CPU.Build.0 = Release|Any CPU
	EndGlobalSection
EndGlobal
